// !$*UTF8*$!
{
	archiveVersion = 1;
	classes = {
	};
	objectVersion = 46;
	objects = {

/* Begin PBXBuildFile section */
		543894A4C0923AC7E801DEB4 /* libPods-which.a in Frameworks */ = {isa = PBXBuildFile; fileRef = F89ADBF6F9572E9159A789C0 /* libPods-which.a */; };
		BB6867731EB40CA200AB1D98 /* main.m in Sources */ = {isa = PBXBuildFile; fileRef = BB6867721EB40CA200AB1D98 /* main.m */; };
		BB6867761EB40CA200AB1D98 /* AppDelegate.m in Sources */ = {isa = PBXBuildFile; fileRef = BB6867751EB40CA200AB1D98 /* AppDelegate.m */; };
		BB68677F1EB40CA200AB1D98 /* which.xcdatamodeld in Sources */ = {isa = PBXBuildFile; fileRef = BB68677D1EB40CA200AB1D98 /* which.xcdatamodeld */; };
		BB6867811EB40CA200AB1D98 /* Assets.xcassets in Resources */ = {isa = PBXBuildFile; fileRef = BB6867801EB40CA200AB1D98 /* Assets.xcassets */; };
		BB6867841EB40CA200AB1D98 /* LaunchScreen.storyboard in Resources */ = {isa = PBXBuildFile; fileRef = BB6867821EB40CA200AB1D98 /* LaunchScreen.storyboard */; };
		BB68678F1EB40CA200AB1D98 /* whichTests.m in Sources */ = {isa = PBXBuildFile; fileRef = BB68678E1EB40CA200AB1D98 /* whichTests.m */; };
		BB68679A1EB40CA200AB1D98 /* whichUITests.m in Sources */ = {isa = PBXBuildFile; fileRef = BB6867991EB40CA200AB1D98 /* whichUITests.m */; };
		BB6867AA1EB40EBF00AB1D98 /* WCHRootViewController.m in Sources */ = {isa = PBXBuildFile; fileRef = BB6867A91EB40EBF00AB1D98 /* WCHRootViewController.m */; };
		BB6867AE1EB4102100AB1D98 /* WCHColorManager.m in Sources */ = {isa = PBXBuildFile; fileRef = BB6867AD1EB4102100AB1D98 /* WCHColorManager.m */; };
		BB6867B31EB410D800AB1D98 /* WCHBasedTabViewController.m in Sources */ = {isa = PBXBuildFile; fileRef = BB6867B21EB410D800AB1D98 /* WCHBasedTabViewController.m */; };
		BB6867B61EB4151000AB1D98 /* home.png in Resources */ = {isa = PBXBuildFile; fileRef = BB6867B51EB4151000AB1D98 /* home.png */; };
		BB6867B81EB4151C00AB1D98 /* mine.png in Resources */ = {isa = PBXBuildFile; fileRef = BB6867B71EB4151C00AB1D98 /* mine.png */; };
		BB6867BA1EB4155400AB1D98 /* home_focus.png in Resources */ = {isa = PBXBuildFile; fileRef = BB6867B91EB4155400AB1D98 /* home_focus.png */; };
		BB6867BC1EB4155B00AB1D98 /* mine_focus.png in Resources */ = {isa = PBXBuildFile; fileRef = BB6867BB1EB4155B00AB1D98 /* mine_focus.png */; };
		BB6867BF1EB4161100AB1D98 /* WCHHomeViewController.m in Sources */ = {isa = PBXBuildFile; fileRef = BB6867BE1EB4161100AB1D98 /* WCHHomeViewController.m */; };
		BB6867C21EB4162900AB1D98 /* WCHMineViewController.m in Sources */ = {isa = PBXBuildFile; fileRef = BB6867C11EB4162900AB1D98 /* WCHMineViewController.m */; };
		BB6867C41EB423FC00AB1D98 /* publish.png in Resources */ = {isa = PBXBuildFile; fileRef = BB6867C31EB423FC00AB1D98 /* publish.png */; };
		BB6867C81EB42A0F00AB1D98 /* WCHVoteCell.m in Sources */ = {isa = PBXBuildFile; fileRef = BB6867C71EB42A0F00AB1D98 /* WCHVoteCell.m */; };
		BB6867CD1EB4D26C00AB1D98 /* WCHVoteListViewController.m in Sources */ = {isa = PBXBuildFile; fileRef = BB6867CC1EB4D26C00AB1D98 /* WCHVoteListViewController.m */; };
		BB6867D01EB4D35100AB1D98 /* WCHCommentViewController.m in Sources */ = {isa = PBXBuildFile; fileRef = BB6867CF1EB4D35100AB1D98 /* WCHCommentViewController.m */; };
		BB6867D31EB4D36D00AB1D98 /* WCHWriteCommentViewController.m in Sources */ = {isa = PBXBuildFile; fileRef = BB6867D21EB4D36D00AB1D98 /* WCHWriteCommentViewController.m */; };
		BB6867D61EB4D52500AB1D98 /* WCHCommentCell.m in Sources */ = {isa = PBXBuildFile; fileRef = BB6867D51EB4D52500AB1D98 /* WCHCommentCell.m */; };
		BB6867D91EB4D54600AB1D98 /* WCHVoteListCell.m in Sources */ = {isa = PBXBuildFile; fileRef = BB6867D81EB4D54600AB1D98 /* WCHVoteListCell.m */; };
		BB6867DB1EB4DD1700AB1D98 /* back_black.png in Resources */ = {isa = PBXBuildFile; fileRef = BB6867DA1EB4DD1700AB1D98 /* back_black.png */; };
		BB6C975C1EB5750B00381467 /* close.png in Resources */ = {isa = PBXBuildFile; fileRef = BB6C975B1EB5750B00381467 /* close.png */; };
		BB6C97601EB5758E00381467 /* WCHPublishViewController.m in Sources */ = {isa = PBXBuildFile; fileRef = BB6C975F1EB5758E00381467 /* WCHPublishViewController.m */; };
		BB6C97641EB5F67400381467 /* VPImageCropperViewController.m in Sources */ = {isa = PBXBuildFile; fileRef = BB6C97631EB5F67400381467 /* VPImageCropperViewController.m */; };
		BB6C97661EB6020700381467 /* b_icon.png in Resources */ = {isa = PBXBuildFile; fileRef = BB6C97651EB6020700381467 /* b_icon.png */; };
		BB6C97681EB6031C00381467 /* a_icon.png in Resources */ = {isa = PBXBuildFile; fileRef = BB6C97671EB6031C00381467 /* a_icon.png */; };
		BB6C976C1EB6C7F400381467 /* WCHUserDefault.m in Sources */ = {isa = PBXBuildFile; fileRef = BB6C976B1EB6C7F400381467 /* WCHUserDefault.m */; };
		BB6C976E1EB6C9DA00381467 /* direct.png in Resources */ = {isa = PBXBuildFile; fileRef = BB6C976D1EB6C9DA00381467 /* direct.png */; };
		BB6C97731EB6CC1500381467 /* WCHPersonalCenterViewController.m in Sources */ = {isa = PBXBuildFile; fileRef = BB6C97721EB6CC1500381467 /* WCHPersonalCenterViewController.m */; };
		BB6C97771EB745C100381467 /* WCHWelcomeVC.m in Sources */ = {isa = PBXBuildFile; fileRef = BB6C97761EB745C100381467 /* WCHWelcomeVC.m */; };
		BB6C977A1EB7460300381467 /* WCHMobilLoginVC.m in Sources */ = {isa = PBXBuildFile; fileRef = BB6C97791EB7460300381467 /* WCHMobilLoginVC.m */; };
		BB6C977D1EB7462D00381467 /* WCHThirdLoginVC.m in Sources */ = {isa = PBXBuildFile; fileRef = BB6C977C1EB7462D00381467 /* WCHThirdLoginVC.m */; };
		BB6C97811EB74D9100381467 /* WCHUrlManager.m in Sources */ = {isa = PBXBuildFile; fileRef = BB6C97801EB74D9100381467 /* WCHUrlManager.m */; };
		BB6C97851EB74E5E00381467 /* WCHToastView.m in Sources */ = {isa = PBXBuildFile; fileRef = BB6C97841EB74E5E00381467 /* WCHToastView.m */; };
		BB6C97881EB8C2CA00381467 /* uploadManager.m in Sources */ = {isa = PBXBuildFile; fileRef = BB6C97871EB8C2CA00381467 /* uploadManager.m */; };
		BBC64BB01EBEFEDF00D4C712 /* my_vote.png in Resources */ = {isa = PBXBuildFile; fileRef = BBC64BAF1EBEFEDF00D4C712 /* my_vote.png */; };
		BBC64BB31EC0B45200D4C712 /* WCHNicknameVC.m in Sources */ = {isa = PBXBuildFile; fileRef = BBC64BB21EC0B45200D4C712 /* WCHNicknameVC.m */; };
		BBC64BB61EC6B3B000D4C712 /* WCHMyPublishVC.m in Sources */ = {isa = PBXBuildFile; fileRef = BBC64BB51EC6B3B000D4C712 /* WCHMyPublishVC.m */; };
		BBC64BBD1EC7538A00D4C712 /* WCHShareManager.m in Sources */ = {isa = PBXBuildFile; fileRef = BBC64BBC1EC7538A00D4C712 /* WCHShareManager.m */; };
/* End PBXBuildFile section */

/* Begin PBXContainerItemProxy section */
		BB68678B1EB40CA200AB1D98 /* PBXContainerItemProxy */ = {
			isa = PBXContainerItemProxy;
			containerPortal = BB6867661EB40CA100AB1D98 /* Project object */;
			proxyType = 1;
			remoteGlobalIDString = BB68676D1EB40CA100AB1D98;
			remoteInfo = which;
		};
		BB6867961EB40CA200AB1D98 /* PBXContainerItemProxy */ = {
			isa = PBXContainerItemProxy;
			containerPortal = BB6867661EB40CA100AB1D98 /* Project object */;
			proxyType = 1;
			remoteGlobalIDString = BB68676D1EB40CA100AB1D98;
			remoteInfo = which;
		};
/* End PBXContainerItemProxy section */

/* Begin PBXFileReference section */
		3835FD5165073D1970508C5E /* Pods-which.debug.xcconfig */ = {isa = PBXFileReference; includeInIndex = 1; lastKnownFileType = text.xcconfig; name = "Pods-which.debug.xcconfig"; path = "Pods/Target Support Files/Pods-which/Pods-which.debug.xcconfig"; sourceTree = "<group>"; };
		BB68676E1EB40CA200AB1D98 /* which.app */ = {isa = PBXFileReference; explicitFileType = wrapper.application; includeInIndex = 0; path = which.app; sourceTree = BUILT_PRODUCTS_DIR; };
		BB6867721EB40CA200AB1D98 /* main.m */ = {isa = PBXFileReference; lastKnownFileType = sourcecode.c.objc; path = main.m; sourceTree = "<group>"; };
		BB6867741EB40CA200AB1D98 /* AppDelegate.h */ = {isa = PBXFileReference; lastKnownFileType = sourcecode.c.h; path = AppDelegate.h; sourceTree = "<group>"; };
		BB6867751EB40CA200AB1D98 /* AppDelegate.m */ = {isa = PBXFileReference; lastKnownFileType = sourcecode.c.objc; path = AppDelegate.m; sourceTree = "<group>"; };
		BB68677E1EB40CA200AB1D98 /* which.xcdatamodel */ = {isa = PBXFileReference; lastKnownFileType = wrapper.xcdatamodel; path = which.xcdatamodel; sourceTree = "<group>"; };
		BB6867801EB40CA200AB1D98 /* Assets.xcassets */ = {isa = PBXFileReference; lastKnownFileType = folder.assetcatalog; path = Assets.xcassets; sourceTree = "<group>"; };
		BB6867831EB40CA200AB1D98 /* Base */ = {isa = PBXFileReference; lastKnownFileType = file.storyboard; name = Base; path = Base.lproj/LaunchScreen.storyboard; sourceTree = "<group>"; };
		BB6867851EB40CA200AB1D98 /* Info.plist */ = {isa = PBXFileReference; lastKnownFileType = text.plist.xml; path = Info.plist; sourceTree = "<group>"; };
		BB68678A1EB40CA200AB1D98 /* whichTests.xctest */ = {isa = PBXFileReference; explicitFileType = wrapper.cfbundle; includeInIndex = 0; path = whichTests.xctest; sourceTree = BUILT_PRODUCTS_DIR; };
		BB68678E1EB40CA200AB1D98 /* whichTests.m */ = {isa = PBXFileReference; lastKnownFileType = sourcecode.c.objc; path = whichTests.m; sourceTree = "<group>"; };
		BB6867901EB40CA200AB1D98 /* Info.plist */ = {isa = PBXFileReference; lastKnownFileType = text.plist.xml; path = Info.plist; sourceTree = "<group>"; };
		BB6867951EB40CA200AB1D98 /* whichUITests.xctest */ = {isa = PBXFileReference; explicitFileType = wrapper.cfbundle; includeInIndex = 0; path = whichUITests.xctest; sourceTree = BUILT_PRODUCTS_DIR; };
		BB6867991EB40CA200AB1D98 /* whichUITests.m */ = {isa = PBXFileReference; lastKnownFileType = sourcecode.c.objc; path = whichUITests.m; sourceTree = "<group>"; };
		BB68679B1EB40CA200AB1D98 /* Info.plist */ = {isa = PBXFileReference; lastKnownFileType = text.plist.xml; path = Info.plist; sourceTree = "<group>"; };
		BB6867A81EB40EBF00AB1D98 /* WCHRootViewController.h */ = {isa = PBXFileReference; fileEncoding = 4; lastKnownFileType = sourcecode.c.h; path = WCHRootViewController.h; sourceTree = "<group>"; };
		BB6867A91EB40EBF00AB1D98 /* WCHRootViewController.m */ = {isa = PBXFileReference; fileEncoding = 4; lastKnownFileType = sourcecode.c.objc; path = WCHRootViewController.m; sourceTree = "<group>"; };
		BB6867AC1EB4102100AB1D98 /* WCHColorManager.h */ = {isa = PBXFileReference; fileEncoding = 4; lastKnownFileType = sourcecode.c.h; path = WCHColorManager.h; sourceTree = "<group>"; };
		BB6867AD1EB4102100AB1D98 /* WCHColorManager.m */ = {isa = PBXFileReference; fileEncoding = 4; lastKnownFileType = sourcecode.c.objc; path = WCHColorManager.m; sourceTree = "<group>"; };
		BB6867B11EB410D800AB1D98 /* WCHBasedTabViewController.h */ = {isa = PBXFileReference; fileEncoding = 4; lastKnownFileType = sourcecode.c.h; path = WCHBasedTabViewController.h; sourceTree = "<group>"; };
		BB6867B21EB410D800AB1D98 /* WCHBasedTabViewController.m */ = {isa = PBXFileReference; fileEncoding = 4; lastKnownFileType = sourcecode.c.objc; path = WCHBasedTabViewController.m; sourceTree = "<group>"; };
		BB6867B51EB4151000AB1D98 /* home.png */ = {isa = PBXFileReference; lastKnownFileType = image.png; name = home.png; path = "../../../coding/salt-App效果图/home.png"; sourceTree = "<group>"; };
		BB6867B71EB4151C00AB1D98 /* mine.png */ = {isa = PBXFileReference; lastKnownFileType = image.png; name = mine.png; path = "../../../coding/salt-App效果图/mine.png"; sourceTree = "<group>"; };
		BB6867B91EB4155400AB1D98 /* home_focus.png */ = {isa = PBXFileReference; lastKnownFileType = image.png; name = home_focus.png; path = "../../../coding/salt-App效果图/home_focus.png"; sourceTree = "<group>"; };
		BB6867BB1EB4155B00AB1D98 /* mine_focus.png */ = {isa = PBXFileReference; lastKnownFileType = image.png; name = mine_focus.png; path = "../../../coding/salt-App效果图/mine_focus.png"; sourceTree = "<group>"; };
		BB6867BD1EB4161100AB1D98 /* WCHHomeViewController.h */ = {isa = PBXFileReference; fileEncoding = 4; lastKnownFileType = sourcecode.c.h; path = WCHHomeViewController.h; sourceTree = "<group>"; };
		BB6867BE1EB4161100AB1D98 /* WCHHomeViewController.m */ = {isa = PBXFileReference; fileEncoding = 4; lastKnownFileType = sourcecode.c.objc; path = WCHHomeViewController.m; sourceTree = "<group>"; };
		BB6867C01EB4162900AB1D98 /* WCHMineViewController.h */ = {isa = PBXFileReference; fileEncoding = 4; lastKnownFileType = sourcecode.c.h; path = WCHMineViewController.h; sourceTree = "<group>"; };
		BB6867C11EB4162900AB1D98 /* WCHMineViewController.m */ = {isa = PBXFileReference; fileEncoding = 4; lastKnownFileType = sourcecode.c.objc; path = WCHMineViewController.m; sourceTree = "<group>"; };
		BB6867C31EB423FC00AB1D98 /* publish.png */ = {isa = PBXFileReference; lastKnownFileType = image.png; name = publish.png; path = "../../../coding/salt-App效果图/publish.png"; sourceTree = "<group>"; };
		BB6867C61EB42A0F00AB1D98 /* WCHVoteCell.h */ = {isa = PBXFileReference; fileEncoding = 4; lastKnownFileType = sourcecode.c.h; path = WCHVoteCell.h; sourceTree = "<group>"; };
		BB6867C71EB42A0F00AB1D98 /* WCHVoteCell.m */ = {isa = PBXFileReference; fileEncoding = 4; lastKnownFileType = sourcecode.c.objc; path = WCHVoteCell.m; sourceTree = "<group>"; };
		BB6867CB1EB4D26C00AB1D98 /* WCHVoteListViewController.h */ = {isa = PBXFileReference; fileEncoding = 4; lastKnownFileType = sourcecode.c.h; path = WCHVoteListViewController.h; sourceTree = "<group>"; };
		BB6867CC1EB4D26C00AB1D98 /* WCHVoteListViewController.m */ = {isa = PBXFileReference; fileEncoding = 4; lastKnownFileType = sourcecode.c.objc; path = WCHVoteListViewController.m; sourceTree = "<group>"; };
		BB6867CE1EB4D35100AB1D98 /* WCHCommentViewController.h */ = {isa = PBXFileReference; fileEncoding = 4; lastKnownFileType = sourcecode.c.h; path = WCHCommentViewController.h; sourceTree = "<group>"; };
		BB6867CF1EB4D35100AB1D98 /* WCHCommentViewController.m */ = {isa = PBXFileReference; fileEncoding = 4; lastKnownFileType = sourcecode.c.objc; path = WCHCommentViewController.m; sourceTree = "<group>"; };
		BB6867D11EB4D36D00AB1D98 /* WCHWriteCommentViewController.h */ = {isa = PBXFileReference; fileEncoding = 4; lastKnownFileType = sourcecode.c.h; path = WCHWriteCommentViewController.h; sourceTree = "<group>"; };
		BB6867D21EB4D36D00AB1D98 /* WCHWriteCommentViewController.m */ = {isa = PBXFileReference; fileEncoding = 4; lastKnownFileType = sourcecode.c.objc; path = WCHWriteCommentViewController.m; sourceTree = "<group>"; };
		BB6867D41EB4D52500AB1D98 /* WCHCommentCell.h */ = {isa = PBXFileReference; fileEncoding = 4; lastKnownFileType = sourcecode.c.h; path = WCHCommentCell.h; sourceTree = "<group>"; };
		BB6867D51EB4D52500AB1D98 /* WCHCommentCell.m */ = {isa = PBXFileReference; fileEncoding = 4; lastKnownFileType = sourcecode.c.objc; path = WCHCommentCell.m; sourceTree = "<group>"; };
		BB6867D71EB4D54600AB1D98 /* WCHVoteListCell.h */ = {isa = PBXFileReference; fileEncoding = 4; lastKnownFileType = sourcecode.c.h; path = WCHVoteListCell.h; sourceTree = "<group>"; };
		BB6867D81EB4D54600AB1D98 /* WCHVoteListCell.m */ = {isa = PBXFileReference; fileEncoding = 4; lastKnownFileType = sourcecode.c.objc; path = WCHVoteListCell.m; sourceTree = "<group>"; };
		BB6867DA1EB4DD1700AB1D98 /* back_black.png */ = {isa = PBXFileReference; lastKnownFileType = image.png; name = back_black.png; path = "../../../coding/salt-App效果图/back_black.png"; sourceTree = "<group>"; };
		BB6C975B1EB5750B00381467 /* close.png */ = {isa = PBXFileReference; lastKnownFileType = image.png; name = close.png; path = "../../../coding/salt-App效果图/close.png"; sourceTree = "<group>"; };
		BB6C975E1EB5758E00381467 /* WCHPublishViewController.h */ = {isa = PBXFileReference; fileEncoding = 4; lastKnownFileType = sourcecode.c.h; path = WCHPublishViewController.h; sourceTree = "<group>"; };
		BB6C975F1EB5758E00381467 /* WCHPublishViewController.m */ = {isa = PBXFileReference; fileEncoding = 4; lastKnownFileType = sourcecode.c.objc; path = WCHPublishViewController.m; sourceTree = "<group>"; };
		BB6C97621EB5F67400381467 /* VPImageCropperViewController.h */ = {isa = PBXFileReference; fileEncoding = 4; lastKnownFileType = sourcecode.c.h; path = VPImageCropperViewController.h; sourceTree = "<group>"; };
		BB6C97631EB5F67400381467 /* VPImageCropperViewController.m */ = {isa = PBXFileReference; fileEncoding = 4; lastKnownFileType = sourcecode.c.objc; path = VPImageCropperViewController.m; sourceTree = "<group>"; };
		BB6C97651EB6020700381467 /* b_icon.png */ = {isa = PBXFileReference; lastKnownFileType = image.png; name = b_icon.png; path = "../../../coding/salt-App效果图/b_icon.png"; sourceTree = "<group>"; };
		BB6C97671EB6031C00381467 /* a_icon.png */ = {isa = PBXFileReference; lastKnownFileType = image.png; name = a_icon.png; path = "../../../coding/salt-App效果图/a_icon.png"; sourceTree = "<group>"; };
		BB6C976A1EB6C7F400381467 /* WCHUserDefault.h */ = {isa = PBXFileReference; fileEncoding = 4; lastKnownFileType = sourcecode.c.h; path = WCHUserDefault.h; sourceTree = "<group>"; };
		BB6C976B1EB6C7F400381467 /* WCHUserDefault.m */ = {isa = PBXFileReference; fileEncoding = 4; lastKnownFileType = sourcecode.c.objc; path = WCHUserDefault.m; sourceTree = "<group>"; };
		BB6C976D1EB6C9DA00381467 /* direct.png */ = {isa = PBXFileReference; lastKnownFileType = image.png; name = direct.png; path = "../../../coding/salt-App效果图/direct.png"; sourceTree = "<group>"; };
		BB6C97711EB6CC1500381467 /* WCHPersonalCenterViewController.h */ = {isa = PBXFileReference; fileEncoding = 4; lastKnownFileType = sourcecode.c.h; path = WCHPersonalCenterViewController.h; sourceTree = "<group>"; };
		BB6C97721EB6CC1500381467 /* WCHPersonalCenterViewController.m */ = {isa = PBXFileReference; fileEncoding = 4; lastKnownFileType = sourcecode.c.objc; path = WCHPersonalCenterViewController.m; sourceTree = "<group>"; };
		BB6C97751EB745C100381467 /* WCHWelcomeVC.h */ = {isa = PBXFileReference; fileEncoding = 4; lastKnownFileType = sourcecode.c.h; path = WCHWelcomeVC.h; sourceTree = "<group>"; };
		BB6C97761EB745C100381467 /* WCHWelcomeVC.m */ = {isa = PBXFileReference; fileEncoding = 4; lastKnownFileType = sourcecode.c.objc; path = WCHWelcomeVC.m; sourceTree = "<group>"; };
		BB6C97781EB7460300381467 /* WCHMobilLoginVC.h */ = {isa = PBXFileReference; fileEncoding = 4; lastKnownFileType = sourcecode.c.h; path = WCHMobilLoginVC.h; sourceTree = "<group>"; };
		BB6C97791EB7460300381467 /* WCHMobilLoginVC.m */ = {isa = PBXFileReference; fileEncoding = 4; lastKnownFileType = sourcecode.c.objc; path = WCHMobilLoginVC.m; sourceTree = "<group>"; };
		BB6C977B1EB7462D00381467 /* WCHThirdLoginVC.h */ = {isa = PBXFileReference; fileEncoding = 4; lastKnownFileType = sourcecode.c.h; path = WCHThirdLoginVC.h; sourceTree = "<group>"; };
		BB6C977C1EB7462D00381467 /* WCHThirdLoginVC.m */ = {isa = PBXFileReference; fileEncoding = 4; lastKnownFileType = sourcecode.c.objc; path = WCHThirdLoginVC.m; sourceTree = "<group>"; };
		BB6C977F1EB74D9100381467 /* WCHUrlManager.h */ = {isa = PBXFileReference; fileEncoding = 4; lastKnownFileType = sourcecode.c.h; path = WCHUrlManager.h; sourceTree = "<group>"; };
		BB6C97801EB74D9100381467 /* WCHUrlManager.m */ = {isa = PBXFileReference; fileEncoding = 4; lastKnownFileType = sourcecode.c.objc; path = WCHUrlManager.m; sourceTree = "<group>"; };
		BB6C97831EB74E5E00381467 /* WCHToastView.h */ = {isa = PBXFileReference; fileEncoding = 4; lastKnownFileType = sourcecode.c.h; path = WCHToastView.h; sourceTree = "<group>"; };
		BB6C97841EB74E5E00381467 /* WCHToastView.m */ = {isa = PBXFileReference; fileEncoding = 4; lastKnownFileType = sourcecode.c.objc; path = WCHToastView.m; sourceTree = "<group>"; };
		BB6C97861EB8C2CA00381467 /* uploadManager.h */ = {isa = PBXFileReference; fileEncoding = 4; lastKnownFileType = sourcecode.c.h; path = uploadManager.h; sourceTree = "<group>"; };
		BB6C97871EB8C2CA00381467 /* uploadManager.m */ = {isa = PBXFileReference; fileEncoding = 4; lastKnownFileType = sourcecode.c.objc; path = uploadManager.m; sourceTree = "<group>"; };
		BBC64BAF1EBEFEDF00D4C712 /* my_vote.png */ = {isa = PBXFileReference; lastKnownFileType = image.png; name = my_vote.png; path = "../../../coding/salt-App效果图/my_vote.png"; sourceTree = "<group>"; };
		BBC64BB11EC0B45200D4C712 /* WCHNicknameVC.h */ = {isa = PBXFileReference; fileEncoding = 4; lastKnownFileType = sourcecode.c.h; path = WCHNicknameVC.h; sourceTree = "<group>"; };
		BBC64BB21EC0B45200D4C712 /* WCHNicknameVC.m */ = {isa = PBXFileReference; fileEncoding = 4; lastKnownFileType = sourcecode.c.objc; path = WCHNicknameVC.m; sourceTree = "<group>"; };
		BBC64BB41EC6B3B000D4C712 /* WCHMyPublishVC.h */ = {isa = PBXFileReference; fileEncoding = 4; lastKnownFileType = sourcecode.c.h; path = WCHMyPublishVC.h; sourceTree = "<group>"; };
		BBC64BB51EC6B3B000D4C712 /* WCHMyPublishVC.m */ = {isa = PBXFileReference; fileEncoding = 4; lastKnownFileType = sourcecode.c.objc; path = WCHMyPublishVC.m; sourceTree = "<group>"; };
		BBC64BBB1EC7538A00D4C712 /* WCHShareManager.h */ = {isa = PBXFileReference; fileEncoding = 4; lastKnownFileType = sourcecode.c.h; path = WCHShareManager.h; sourceTree = "<group>"; };
		BBC64BBC1EC7538A00D4C712 /* WCHShareManager.m */ = {isa = PBXFileReference; fileEncoding = 4; lastKnownFileType = sourcecode.c.objc; path = WCHShareManager.m; sourceTree = "<group>"; };
		DD78C9D0906585AE40E73FDD /* Pods-which.release.xcconfig */ = {isa = PBXFileReference; includeInIndex = 1; lastKnownFileType = text.xcconfig; name = "Pods-which.release.xcconfig"; path = "Pods/Target Support Files/Pods-which/Pods-which.release.xcconfig"; sourceTree = "<group>"; };
		F89ADBF6F9572E9159A789C0 /* libPods-which.a */ = {isa = PBXFileReference; explicitFileType = archive.ar; includeInIndex = 0; path = "libPods-which.a"; sourceTree = BUILT_PRODUCTS_DIR; };
/* End PBXFileReference section */

/* Begin PBXFrameworksBuildPhase section */
		BB68676B1EB40CA100AB1D98 /* Frameworks */ = {
			isa = PBXFrameworksBuildPhase;
			buildActionMask = 2147483647;
			files = (
				543894A4C0923AC7E801DEB4 /* libPods-which.a in Frameworks */,
			);
			runOnlyForDeploymentPostprocessing = 0;
		};
		BB6867871EB40CA200AB1D98 /* Frameworks */ = {
			isa = PBXFrameworksBuildPhase;
			buildActionMask = 2147483647;
			files = (
			);
			runOnlyForDeploymentPostprocessing = 0;
		};
		BB6867921EB40CA200AB1D98 /* Frameworks */ = {
			isa = PBXFrameworksBuildPhase;
			buildActionMask = 2147483647;
			files = (
			);
			runOnlyForDeploymentPostprocessing = 0;
		};
/* End PBXFrameworksBuildPhase section */

/* Begin PBXGroup section */
		7F527846A499A590036D5F2A /* Frameworks */ = {
			isa = PBXGroup;
			children = (
				F89ADBF6F9572E9159A789C0 /* libPods-which.a */,
			);
			name = Frameworks;
			sourceTree = "<group>";
		};
		BB6867651EB40CA100AB1D98 = {
			isa = PBXGroup;
			children = (
				BB6867701EB40CA200AB1D98 /* which */,
				BB68678D1EB40CA200AB1D98 /* whichTests */,
				BB6867981EB40CA200AB1D98 /* whichUITests */,
				BB68676F1EB40CA200AB1D98 /* Products */,
				DEA6B097A396543B2F0FA6B6 /* Pods */,
				7F527846A499A590036D5F2A /* Frameworks */,
			);
			sourceTree = "<group>";
		};
		BB68676F1EB40CA200AB1D98 /* Products */ = {
			isa = PBXGroup;
			children = (
				BB68676E1EB40CA200AB1D98 /* which.app */,
				BB68678A1EB40CA200AB1D98 /* whichTests.xctest */,
				BB6867951EB40CA200AB1D98 /* whichUITests.xctest */,
			);
			name = Products;
			sourceTree = "<group>";
		};
		BB6867701EB40CA200AB1D98 /* which */ = {
			isa = PBXGroup;
			children = (
				BBC64BBA1EC7535C00D4C712 /* 分享 */,
				BB6C97821EB74E2F00381467 /* toast */,
				BB6C977E1EB74D6C00381467 /* url manager */,
				BB6C97741EB744F200381467 /* 登录/注册 */,
				BB6C97691EB6C7AC00381467 /* user default */,
				BB6C97611EB5F64800381467 /* 图片裁切工具-第三方 */,
				BB6867B41EB414A700AB1D98 /* 图片资源 */,
				BB6867AB1EB40FF500AB1D98 /* color manager */,
				BB6867C51EB429C000AB1D98 /* cells */,
				BB6867CA1EB4D21800AB1D98 /* comment list */,
				BB6867C91EB4D21000AB1D98 /* vote list */,
				BB6C975D1EB5752400381467 /* 发布页面 */,
				BB6C97701EB6CBE700381467 /* personal center */,
				BBC64BB71EC6B3B800D4C712 /* 我发起的投票 */,
				BB6867AF1EB4107100AB1D98 /* first layer */,
				BB6867A71EB40E6300AB1D98 /* root */,
				BB6867741EB40CA200AB1D98 /* AppDelegate.h */,
				BB6867751EB40CA200AB1D98 /* AppDelegate.m */,
				BB6867801EB40CA200AB1D98 /* Assets.xcassets */,
				BB6867821EB40CA200AB1D98 /* LaunchScreen.storyboard */,
				BB6867851EB40CA200AB1D98 /* Info.plist */,
				BB68677D1EB40CA200AB1D98 /* which.xcdatamodeld */,
				BB6867711EB40CA200AB1D98 /* Supporting Files */,
			);
			path = which;
			sourceTree = "<group>";
		};
		BB6867711EB40CA200AB1D98 /* Supporting Files */ = {
			isa = PBXGroup;
			children = (
				BB6867721EB40CA200AB1D98 /* main.m */,
			);
			name = "Supporting Files";
			sourceTree = "<group>";
		};
		BB68678D1EB40CA200AB1D98 /* whichTests */ = {
			isa = PBXGroup;
			children = (
				BB68678E1EB40CA200AB1D98 /* whichTests.m */,
				BB6867901EB40CA200AB1D98 /* Info.plist */,
			);
			path = whichTests;
			sourceTree = "<group>";
		};
		BB6867981EB40CA200AB1D98 /* whichUITests */ = {
			isa = PBXGroup;
			children = (
				BB6867991EB40CA200AB1D98 /* whichUITests.m */,
				BB68679B1EB40CA200AB1D98 /* Info.plist */,
			);
			path = whichUITests;
			sourceTree = "<group>";
		};
		BB6867A71EB40E6300AB1D98 /* root */ = {
			isa = PBXGroup;
			children = (
				BB6867A81EB40EBF00AB1D98 /* WCHRootViewController.h */,
				BB6867A91EB40EBF00AB1D98 /* WCHRootViewController.m */,
			);
			name = root;
			sourceTree = "<group>";
		};
		BB6867AB1EB40FF500AB1D98 /* color manager */ = {
			isa = PBXGroup;
			children = (
				BB6867AC1EB4102100AB1D98 /* WCHColorManager.h */,
				BB6867AD1EB4102100AB1D98 /* WCHColorManager.m */,
			);
			name = "color manager";
			sourceTree = "<group>";
		};
		BB6867AF1EB4107100AB1D98 /* first layer */ = {
			isa = PBXGroup;
			children = (
				BB6867B01EB4109F00AB1D98 /* based */,
				BB6867BD1EB4161100AB1D98 /* WCHHomeViewController.h */,
				BB6867BE1EB4161100AB1D98 /* WCHHomeViewController.m */,
				BB6867C01EB4162900AB1D98 /* WCHMineViewController.h */,
				BB6867C11EB4162900AB1D98 /* WCHMineViewController.m */,
			);
			name = "first layer";
			sourceTree = "<group>";
		};
		BB6867B01EB4109F00AB1D98 /* based */ = {
			isa = PBXGroup;
			children = (
				BB6867B11EB410D800AB1D98 /* WCHBasedTabViewController.h */,
				BB6867B21EB410D800AB1D98 /* WCHBasedTabViewController.m */,
			);
			name = based;
			sourceTree = "<group>";
		};
		BB6867B41EB414A700AB1D98 /* 图片资源 */ = {
			isa = PBXGroup;
			children = (
				BB6867B51EB4151000AB1D98 /* home.png */,
				BB6867B91EB4155400AB1D98 /* home_focus.png */,
				BB6867B71EB4151C00AB1D98 /* mine.png */,
				BB6867BB1EB4155B00AB1D98 /* mine_focus.png */,
				BB6867C31EB423FC00AB1D98 /* publish.png */,
				BB6867DA1EB4DD1700AB1D98 /* back_black.png */,
				BB6C975B1EB5750B00381467 /* close.png */,
				BB6C97671EB6031C00381467 /* a_icon.png */,
				BB6C97651EB6020700381467 /* b_icon.png */,
				BB6C976D1EB6C9DA00381467 /* direct.png */,
				BBC64BAF1EBEFEDF00D4C712 /* my_vote.png */,
			);
			name = "图片资源";
			sourceTree = "<group>";
		};
		BB6867C51EB429C000AB1D98 /* cells */ = {
			isa = PBXGroup;
			children = (
				BB6867C61EB42A0F00AB1D98 /* WCHVoteCell.h */,
				BB6867C71EB42A0F00AB1D98 /* WCHVoteCell.m */,
				BB6867D41EB4D52500AB1D98 /* WCHCommentCell.h */,
				BB6867D51EB4D52500AB1D98 /* WCHCommentCell.m */,
				BB6867D71EB4D54600AB1D98 /* WCHVoteListCell.h */,
				BB6867D81EB4D54600AB1D98 /* WCHVoteListCell.m */,
			);
			name = cells;
			sourceTree = "<group>";
		};
		BB6867C91EB4D21000AB1D98 /* vote list */ = {
			isa = PBXGroup;
			children = (
				BB6867CB1EB4D26C00AB1D98 /* WCHVoteListViewController.h */,
				BB6867CC1EB4D26C00AB1D98 /* WCHVoteListViewController.m */,
			);
			name = "vote list";
			sourceTree = "<group>";
		};
		BB6867CA1EB4D21800AB1D98 /* comment list */ = {
			isa = PBXGroup;
			children = (
				BB6867CE1EB4D35100AB1D98 /* WCHCommentViewController.h */,
				BB6867CF1EB4D35100AB1D98 /* WCHCommentViewController.m */,
				BB6867D11EB4D36D00AB1D98 /* WCHWriteCommentViewController.h */,
				BB6867D21EB4D36D00AB1D98 /* WCHWriteCommentViewController.m */,
			);
			name = "comment list";
			sourceTree = "<group>";
		};
		BB6C975D1EB5752400381467 /* 发布页面 */ = {
			isa = PBXGroup;
			children = (
				BB6C975E1EB5758E00381467 /* WCHPublishViewController.h */,
				BB6C975F1EB5758E00381467 /* WCHPublishViewController.m */,
				BB6C97861EB8C2CA00381467 /* uploadManager.h */,
				BB6C97871EB8C2CA00381467 /* uploadManager.m */,
			);
			name = "发布页面";
			sourceTree = "<group>";
		};
		BB6C97611EB5F64800381467 /* 图片裁切工具-第三方 */ = {
			isa = PBXGroup;
			children = (
				BB6C97621EB5F67400381467 /* VPImageCropperViewController.h */,
				BB6C97631EB5F67400381467 /* VPImageCropperViewController.m */,
			);
			name = "图片裁切工具-第三方";
			sourceTree = "<group>";
		};
		BB6C97691EB6C7AC00381467 /* user default */ = {
			isa = PBXGroup;
			children = (
				BB6C976A1EB6C7F400381467 /* WCHUserDefault.h */,
				BB6C976B1EB6C7F400381467 /* WCHUserDefault.m */,
			);
			name = "user default";
			sourceTree = "<group>";
		};
		BB6C97701EB6CBE700381467 /* personal center */ = {
			isa = PBXGroup;
			children = (
				BB6C97711EB6CC1500381467 /* WCHPersonalCenterViewController.h */,
				BB6C97721EB6CC1500381467 /* WCHPersonalCenterViewController.m */,
				BBC64BB11EC0B45200D4C712 /* WCHNicknameVC.h */,
				BBC64BB21EC0B45200D4C712 /* WCHNicknameVC.m */,
			);
			name = "personal center";
			sourceTree = "<group>";
		};
		BB6C97741EB744F200381467 /* 登录/注册 */ = {
			isa = PBXGroup;
			children = (
				BB6C97751EB745C100381467 /* WCHWelcomeVC.h */,
				BB6C97761EB745C100381467 /* WCHWelcomeVC.m */,
				BB6C97781EB7460300381467 /* WCHMobilLoginVC.h */,
				BB6C97791EB7460300381467 /* WCHMobilLoginVC.m */,
				BB6C977B1EB7462D00381467 /* WCHThirdLoginVC.h */,
				BB6C977C1EB7462D00381467 /* WCHThirdLoginVC.m */,
			);
			name = "登录/注册";
			sourceTree = "<group>";
		};
		BB6C977E1EB74D6C00381467 /* url manager */ = {
			isa = PBXGroup;
			children = (
				BB6C977F1EB74D9100381467 /* WCHUrlManager.h */,
				BB6C97801EB74D9100381467 /* WCHUrlManager.m */,
			);
			name = "url manager";
			sourceTree = "<group>";
		};
		BB6C97821EB74E2F00381467 /* toast */ = {
			isa = PBXGroup;
			children = (
				BB6C97831EB74E5E00381467 /* WCHToastView.h */,
				BB6C97841EB74E5E00381467 /* WCHToastView.m */,
			);
			name = toast;
			sourceTree = "<group>";
		};
		BBC64BB71EC6B3B800D4C712 /* 我发起的投票 */ = {
			isa = PBXGroup;
			children = (
				BBC64BB41EC6B3B000D4C712 /* WCHMyPublishVC.h */,
				BBC64BB51EC6B3B000D4C712 /* WCHMyPublishVC.m */,
			);
			name = "我发起的投票";
			sourceTree = "<group>";
		};
		BBC64BBA1EC7535C00D4C712 /* 分享 */ = {
			isa = PBXGroup;
			children = (
				BBC64BBB1EC7538A00D4C712 /* WCHShareManager.h */,
				BBC64BBC1EC7538A00D4C712 /* WCHShareManager.m */,
			);
			name = "分享";
			sourceTree = "<group>";
		};
		DEA6B097A396543B2F0FA6B6 /* Pods */ = {
			isa = PBXGroup;
			children = (
				3835FD5165073D1970508C5E /* Pods-which.debug.xcconfig */,
				DD78C9D0906585AE40E73FDD /* Pods-which.release.xcconfig */,
			);
			name = Pods;
			sourceTree = "<group>";
		};
/* End PBXGroup section */

/* Begin PBXNativeTarget section */
		BB68676D1EB40CA100AB1D98 /* which */ = {
			isa = PBXNativeTarget;
			buildConfigurationList = BB68679E1EB40CA200AB1D98 /* Build configuration list for PBXNativeTarget "which" */;
			buildPhases = (
				CF5C0FDDFE456ABB4F3473CA /* [CP] Check Pods Manifest.lock */,
				BB68676A1EB40CA100AB1D98 /* Sources */,
				BB68676B1EB40CA100AB1D98 /* Frameworks */,
				BB68676C1EB40CA100AB1D98 /* Resources */,
				20EA33425E3E5CBCE5FDAA43 /* [CP] Embed Pods Frameworks */,
				E97D7239ED87B6E678D318FE /* [CP] Copy Pods Resources */,
			);
			buildRules = (
			);
			dependencies = (
			);
			name = which;
			productName = which;
			productReference = BB68676E1EB40CA200AB1D98 /* which.app */;
			productType = "com.apple.product-type.application";
		};
		BB6867891EB40CA200AB1D98 /* whichTests */ = {
			isa = PBXNativeTarget;
			buildConfigurationList = BB6867A11EB40CA200AB1D98 /* Build configuration list for PBXNativeTarget "whichTests" */;
			buildPhases = (
				BB6867861EB40CA200AB1D98 /* Sources */,
				BB6867871EB40CA200AB1D98 /* Frameworks */,
				BB6867881EB40CA200AB1D98 /* Resources */,
			);
			buildRules = (
			);
			dependencies = (
				BB68678C1EB40CA200AB1D98 /* PBXTargetDependency */,
			);
			name = whichTests;
			productName = whichTests;
			productReference = BB68678A1EB40CA200AB1D98 /* whichTests.xctest */;
			productType = "com.apple.product-type.bundle.unit-test";
		};
		BB6867941EB40CA200AB1D98 /* whichUITests */ = {
			isa = PBXNativeTarget;
			buildConfigurationList = BB6867A41EB40CA200AB1D98 /* Build configuration list for PBXNativeTarget "whichUITests" */;
			buildPhases = (
				BB6867911EB40CA200AB1D98 /* Sources */,
				BB6867921EB40CA200AB1D98 /* Frameworks */,
				BB6867931EB40CA200AB1D98 /* Resources */,
			);
			buildRules = (
			);
			dependencies = (
				BB6867971EB40CA200AB1D98 /* PBXTargetDependency */,
			);
			name = whichUITests;
			productName = whichUITests;
			productReference = BB6867951EB40CA200AB1D98 /* whichUITests.xctest */;
			productType = "com.apple.product-type.bundle.ui-testing";
		};
/* End PBXNativeTarget section */

/* Begin PBXProject section */
		BB6867661EB40CA100AB1D98 /* Project object */ = {
			isa = PBXProject;
			attributes = {
				LastUpgradeCheck = 0820;
				ORGANIZATIONNAME = Alfred;
				TargetAttributes = {
					BB68676D1EB40CA100AB1D98 = {
						CreatedOnToolsVersion = 8.2;
						DevelopmentTeam = 3HCQXUYMF8;
						ProvisioningStyle = Automatic;
					};
					BB6867891EB40CA200AB1D98 = {
						CreatedOnToolsVersion = 8.2;
						DevelopmentTeam = 3HCQXUYMF8;
						ProvisioningStyle = Automatic;
						TestTargetID = BB68676D1EB40CA100AB1D98;
					};
					BB6867941EB40CA200AB1D98 = {
						CreatedOnToolsVersion = 8.2;
						DevelopmentTeam = 3HCQXUYMF8;
						ProvisioningStyle = Automatic;
						TestTargetID = BB68676D1EB40CA100AB1D98;
					};
				};
			};
			buildConfigurationList = BB6867691EB40CA100AB1D98 /* Build configuration list for PBXProject "which" */;
			compatibilityVersion = "Xcode 3.2";
			developmentRegion = English;
			hasScannedForEncodings = 0;
			knownRegions = (
				en,
				Base,
			);
			mainGroup = BB6867651EB40CA100AB1D98;
			productRefGroup = BB68676F1EB40CA200AB1D98 /* Products */;
			projectDirPath = "";
			projectRoot = "";
			targets = (
				BB68676D1EB40CA100AB1D98 /* which */,
				BB6867891EB40CA200AB1D98 /* whichTests */,
				BB6867941EB40CA200AB1D98 /* whichUITests */,
			);
		};
/* End PBXProject section */

/* Begin PBXResourcesBuildPhase section */
		BB68676C1EB40CA100AB1D98 /* Resources */ = {
			isa = PBXResourcesBuildPhase;
			buildActionMask = 2147483647;
			files = (
				BBC64BB01EBEFEDF00D4C712 /* my_vote.png in Resources */,
				BB6C975C1EB5750B00381467 /* close.png in Resources */,
				BB6C97681EB6031C00381467 /* a_icon.png in Resources */,
				BB6867B81EB4151C00AB1D98 /* mine.png in Resources */,
				BB6867841EB40CA200AB1D98 /* LaunchScreen.storyboard in Resources */,
				BB6C976E1EB6C9DA00381467 /* direct.png in Resources */,
				BB6867811EB40CA200AB1D98 /* Assets.xcassets in Resources */,
				BB6867BC1EB4155B00AB1D98 /* mine_focus.png in Resources */,
				BB6867BA1EB4155400AB1D98 /* home_focus.png in Resources */,
				BB6867C41EB423FC00AB1D98 /* publish.png in Resources */,
				BB6C97661EB6020700381467 /* b_icon.png in Resources */,
				BB6867DB1EB4DD1700AB1D98 /* back_black.png in Resources */,
				BB6867B61EB4151000AB1D98 /* home.png in Resources */,
			);
			runOnlyForDeploymentPostprocessing = 0;
		};
		BB6867881EB40CA200AB1D98 /* Resources */ = {
			isa = PBXResourcesBuildPhase;
			buildActionMask = 2147483647;
			files = (
			);
			runOnlyForDeploymentPostprocessing = 0;
		};
		BB6867931EB40CA200AB1D98 /* Resources */ = {
			isa = PBXResourcesBuildPhase;
			buildActionMask = 2147483647;
			files = (
			);
			runOnlyForDeploymentPostprocessing = 0;
		};
/* End PBXResourcesBuildPhase section */

/* Begin PBXShellScriptBuildPhase section */
		20EA33425E3E5CBCE5FDAA43 /* [CP] Embed Pods Frameworks */ = {
			isa = PBXShellScriptBuildPhase;
			buildActionMask = 2147483647;
			files = (
			);
			inputPaths = (
			);
			name = "[CP] Embed Pods Frameworks";
			outputPaths = (
			);
			runOnlyForDeploymentPostprocessing = 0;
			shellPath = /bin/sh;
			shellScript = "\"${SRCROOT}/Pods/Target Support Files/Pods-which/Pods-which-frameworks.sh\"\n";
			showEnvVarsInLog = 0;
		};
		CF5C0FDDFE456ABB4F3473CA /* [CP] Check Pods Manifest.lock */ = {
			isa = PBXShellScriptBuildPhase;
			buildActionMask = 2147483647;
			files = (
			);
			inputPaths = (
			);
			name = "[CP] Check Pods Manifest.lock";
			outputPaths = (
			);
			runOnlyForDeploymentPostprocessing = 0;
			shellPath = /bin/sh;
			shellScript = "diff \"${PODS_ROOT}/../Podfile.lock\" \"${PODS_ROOT}/Manifest.lock\" > /dev/null\nif [ $? != 0 ] ; then\n    # print error to STDERR\n    echo \"error: The sandbox is not in sync with the Podfile.lock. Run 'pod install' or update your CocoaPods installation.\" >&2\n    exit 1\nfi\n";
			showEnvVarsInLog = 0;
		};
		E97D7239ED87B6E678D318FE /* [CP] Copy Pods Resources */ = {
			isa = PBXShellScriptBuildPhase;
			buildActionMask = 2147483647;
			files = (
			);
			inputPaths = (
			);
			name = "[CP] Copy Pods Resources";
			outputPaths = (
			);
			runOnlyForDeploymentPostprocessing = 0;
			shellPath = /bin/sh;
			shellScript = "\"${SRCROOT}/Pods/Target Support Files/Pods-which/Pods-which-resources.sh\"\n";
			showEnvVarsInLog = 0;
		};
/* End PBXShellScriptBuildPhase section */

/* Begin PBXSourcesBuildPhase section */
		BB68676A1EB40CA100AB1D98 /* Sources */ = {
			isa = PBXSourcesBuildPhase;
			buildActionMask = 2147483647;
			files = (
				BB6867D01EB4D35100AB1D98 /* WCHCommentViewController.m in Sources */,
				BB6867D31EB4D36D00AB1D98 /* WCHWriteCommentViewController.m in Sources */,
				BBC64BB31EC0B45200D4C712 /* WCHNicknameVC.m in Sources */,
				BB6C97881EB8C2CA00381467 /* uploadManager.m in Sources */,
				BB6867D91EB4D54600AB1D98 /* WCHVoteListCell.m in Sources */,
				BB68677F1EB40CA200AB1D98 /* which.xcdatamodeld in Sources */,
				BB6867AE1EB4102100AB1D98 /* WCHColorManager.m in Sources */,
				BBC64BBD1EC7538A00D4C712 /* WCHShareManager.m in Sources */,
				BB6C97771EB745C100381467 /* WCHWelcomeVC.m in Sources */,
				BB6867C81EB42A0F00AB1D98 /* WCHVoteCell.m in Sources */,
				BB6867761EB40CA200AB1D98 /* AppDelegate.m in Sources */,
				BB6C977D1EB7462D00381467 /* WCHThirdLoginVC.m in Sources */,
				BB6867BF1EB4161100AB1D98 /* WCHHomeViewController.m in Sources */,
				BB6C977A1EB7460300381467 /* WCHMobilLoginVC.m in Sources */,
				BB6867D61EB4D52500AB1D98 /* WCHCommentCell.m in Sources */,
				BB6C97851EB74E5E00381467 /* WCHToastView.m in Sources */,
				BBC64BB61EC6B3B000D4C712 /* WCHMyPublishVC.m in Sources */,
				BB6867C21EB4162900AB1D98 /* WCHMineViewController.m in Sources */,
				BB6C97731EB6CC1500381467 /* WCHPersonalCenterViewController.m in Sources */,
				BB6C97811EB74D9100381467 /* WCHUrlManager.m in Sources */,
				BB6867AA1EB40EBF00AB1D98 /* WCHRootViewController.m in Sources */,
				BB6867CD1EB4D26C00AB1D98 /* WCHVoteListViewController.m in Sources */,
				BB6C97641EB5F67400381467 /* VPImageCropperViewController.m in Sources */,
				BB6867731EB40CA200AB1D98 /* main.m in Sources */,
				BB6C976C1EB6C7F400381467 /* WCHUserDefault.m in Sources */,
				BB6867B31EB410D800AB1D98 /* WCHBasedTabViewController.m in Sources */,
				BB6C97601EB5758E00381467 /* WCHPublishViewController.m in Sources */,
			);
			runOnlyForDeploymentPostprocessing = 0;
		};
		BB6867861EB40CA200AB1D98 /* Sources */ = {
			isa = PBXSourcesBuildPhase;
			buildActionMask = 2147483647;
			files = (
				BB68678F1EB40CA200AB1D98 /* whichTests.m in Sources */,
			);
			runOnlyForDeploymentPostprocessing = 0;
		};
		BB6867911EB40CA200AB1D98 /* Sources */ = {
			isa = PBXSourcesBuildPhase;
			buildActionMask = 2147483647;
			files = (
				BB68679A1EB40CA200AB1D98 /* whichUITests.m in Sources */,
			);
			runOnlyForDeploymentPostprocessing = 0;
		};
/* End PBXSourcesBuildPhase section */

/* Begin PBXTargetDependency section */
		BB68678C1EB40CA200AB1D98 /* PBXTargetDependency */ = {
			isa = PBXTargetDependency;
			target = BB68676D1EB40CA100AB1D98 /* which */;
			targetProxy = BB68678B1EB40CA200AB1D98 /* PBXContainerItemProxy */;
		};
		BB6867971EB40CA200AB1D98 /* PBXTargetDependency */ = {
			isa = PBXTargetDependency;
			target = BB68676D1EB40CA100AB1D98 /* which */;
			targetProxy = BB6867961EB40CA200AB1D98 /* PBXContainerItemProxy */;
		};
/* End PBXTargetDependency section */

/* Begin PBXVariantGroup section */
		BB6867821EB40CA200AB1D98 /* LaunchScreen.storyboard */ = {
			isa = PBXVariantGroup;
			children = (
				BB6867831EB40CA200AB1D98 /* Base */,
			);
			name = LaunchScreen.storyboard;
			sourceTree = "<group>";
		};
/* End PBXVariantGroup section */

/* Begin XCBuildConfiguration section */
		BB68679C1EB40CA200AB1D98 /* Debug */ = {
			isa = XCBuildConfiguration;
			buildSettings = {
				ALWAYS_SEARCH_USER_PATHS = NO;
				CLANG_ANALYZER_NONNULL = YES;
				CLANG_CXX_LANGUAGE_STANDARD = "gnu++0x";
				CLANG_CXX_LIBRARY = "libc++";
				CLANG_ENABLE_MODULES = YES;
				CLANG_ENABLE_OBJC_ARC = YES;
				CLANG_WARN_BOOL_CONVERSION = YES;
				CLANG_WARN_CONSTANT_CONVERSION = YES;
				CLANG_WARN_DIRECT_OBJC_ISA_USAGE = YES_ERROR;
				CLANG_WARN_DOCUMENTATION_COMMENTS = YES;
				CLANG_WARN_EMPTY_BODY = YES;
				CLANG_WARN_ENUM_CONVERSION = YES;
				CLANG_WARN_INFINITE_RECURSION = YES;
				CLANG_WARN_INT_CONVERSION = YES;
				CLANG_WARN_OBJC_ROOT_CLASS = YES_ERROR;
				CLANG_WARN_SUSPICIOUS_MOVE = YES;
				CLANG_WARN_UNREACHABLE_CODE = YES;
				CLANG_WARN__DUPLICATE_METHOD_MATCH = YES;
				"CODE_SIGN_IDENTITY[sdk=iphoneos*]" = "iPhone Developer";
				COPY_PHASE_STRIP = NO;
				DEBUG_INFORMATION_FORMAT = dwarf;
				ENABLE_STRICT_OBJC_MSGSEND = YES;
				ENABLE_TESTABILITY = YES;
				GCC_C_LANGUAGE_STANDARD = gnu99;
				GCC_DYNAMIC_NO_PIC = NO;
				GCC_NO_COMMON_BLOCKS = YES;
				GCC_OPTIMIZATION_LEVEL = 0;
				GCC_PREPROCESSOR_DEFINITIONS = (
					"DEBUG=1",
					"$(inherited)",
				);
				GCC_WARN_64_TO_32_BIT_CONVERSION = YES;
				GCC_WARN_ABOUT_RETURN_TYPE = YES_ERROR;
				GCC_WARN_UNDECLARED_SELECTOR = YES;
				GCC_WARN_UNINITIALIZED_AUTOS = YES_AGGRESSIVE;
				GCC_WARN_UNUSED_FUNCTION = YES;
				GCC_WARN_UNUSED_VARIABLE = YES;
				IPHONEOS_DEPLOYMENT_TARGET = 10.2;
				MTL_ENABLE_DEBUG_INFO = YES;
				ONLY_ACTIVE_ARCH = YES;
				SDKROOT = iphoneos;
			};
			name = Debug;
		};
		BB68679D1EB40CA200AB1D98 /* Release */ = {
			isa = XCBuildConfiguration;
			buildSettings = {
				ALWAYS_SEARCH_USER_PATHS = NO;
				CLANG_ANALYZER_NONNULL = YES;
				CLANG_CXX_LANGUAGE_STANDARD = "gnu++0x";
				CLANG_CXX_LIBRARY = "libc++";
				CLANG_ENABLE_MODULES = YES;
				CLANG_ENABLE_OBJC_ARC = YES;
				CLANG_WARN_BOOL_CONVERSION = YES;
				CLANG_WARN_CONSTANT_CONVERSION = YES;
				CLANG_WARN_DIRECT_OBJC_ISA_USAGE = YES_ERROR;
				CLANG_WARN_DOCUMENTATION_COMMENTS = YES;
				CLANG_WARN_EMPTY_BODY = YES;
				CLANG_WARN_ENUM_CONVERSION = YES;
				CLANG_WARN_INFINITE_RECURSION = YES;
				CLANG_WARN_INT_CONVERSION = YES;
				CLANG_WARN_OBJC_ROOT_CLASS = YES_ERROR;
				CLANG_WARN_SUSPICIOUS_MOVE = YES;
				CLANG_WARN_UNREACHABLE_CODE = YES;
				CLANG_WARN__DUPLICATE_METHOD_MATCH = YES;
				"CODE_SIGN_IDENTITY[sdk=iphoneos*]" = "iPhone Developer";
				COPY_PHASE_STRIP = NO;
				DEBUG_INFORMATION_FORMAT = "dwarf-with-dsym";
				ENABLE_NS_ASSERTIONS = NO;
				ENABLE_STRICT_OBJC_MSGSEND = YES;
				GCC_C_LANGUAGE_STANDARD = gnu99;
				GCC_NO_COMMON_BLOCKS = YES;
				GCC_WARN_64_TO_32_BIT_CONVERSION = YES;
				GCC_WARN_ABOUT_RETURN_TYPE = YES_ERROR;
				GCC_WARN_UNDECLARED_SELECTOR = YES;
				GCC_WARN_UNINITIALIZED_AUTOS = YES_AGGRESSIVE;
				GCC_WARN_UNUSED_FUNCTION = YES;
				GCC_WARN_UNUSED_VARIABLE = YES;
				IPHONEOS_DEPLOYMENT_TARGET = 10.2;
				MTL_ENABLE_DEBUG_INFO = NO;
				SDKROOT = iphoneos;
				VALIDATE_PRODUCT = YES;
			};
			name = Release;
		};
		BB68679F1EB40CA200AB1D98 /* Debug */ = {
			isa = XCBuildConfiguration;
			baseConfigurationReference = 3835FD5165073D1970508C5E /* Pods-which.debug.xcconfig */;
			buildSettings = {
				ASSETCATALOG_COMPILER_APPICON_NAME = AppIcon;
				DEVELOPMENT_TEAM = 3HCQXUYMF8;
				INFOPLIST_FILE = which/Info.plist;
				IPHONEOS_DEPLOYMENT_TARGET = 8.0;
				LD_RUNPATH_SEARCH_PATHS = "$(inherited) @executable_path/Frameworks";
				PRODUCT_BUNDLE_IDENTIFIER = Alfred.com.which;
				PRODUCT_NAME = "$(TARGET_NAME)";
				TARGETED_DEVICE_FAMILY = 1;
			};
			name = Debug;
		};
		BB6867A01EB40CA200AB1D98 /* Release */ = {
			isa = XCBuildConfiguration;
			baseConfigurationReference = DD78C9D0906585AE40E73FDD /* Pods-which.release.xcconfig */;
			buildSettings = {
				ASSETCATALOG_COMPILER_APPICON_NAME = AppIcon;
				DEVELOPMENT_TEAM = 3HCQXUYMF8;
				INFOPLIST_FILE = which/Info.plist;
				IPHONEOS_DEPLOYMENT_TARGET = 8.0;
				LD_RUNPATH_SEARCH_PATHS = "$(inherited) @executable_path/Frameworks";
				PRODUCT_BUNDLE_IDENTIFIER = Alfred.com.which;
				PRODUCT_NAME = "$(TARGET_NAME)";
				TARGETED_DEVICE_FAMILY = 1;
			};
			name = Release;
		};
		BB6867A21EB40CA200AB1D98 /* Debug */ = {
			isa = XCBuildConfiguration;
			buildSettings = {
				BUNDLE_LOADER = "$(TEST_HOST)";
				DEVELOPMENT_TEAM = 3HCQXUYMF8;
				INFOPLIST_FILE = whichTests/Info.plist;
				LD_RUNPATH_SEARCH_PATHS = "$(inherited) @executable_path/Frameworks @loader_path/Frameworks";
				PRODUCT_BUNDLE_IDENTIFIER = Alfred.com.whichTests;
				PRODUCT_NAME = "$(TARGET_NAME)";
				TEST_HOST = "$(BUILT_PRODUCTS_DIR)/which.app/which";
			};
			name = Debug;
		};
		BB6867A31EB40CA200AB1D98 /* Release */ = {
			isa = XCBuildConfiguration;
			buildSettings = {
				BUNDLE_LOADER = "$(TEST_HOST)";
				DEVELOPMENT_TEAM = 3HCQXUYMF8;
				INFOPLIST_FILE = whichTests/Info.plist;
				LD_RUNPATH_SEARCH_PATHS = "$(inherited) @executable_path/Frameworks @loader_path/Frameworks";
				PRODUCT_BUNDLE_IDENTIFIER = Alfred.com.whichTests;
				PRODUCT_NAME = "$(TARGET_NAME)";
				TEST_HOST = "$(BUILT_PRODUCTS_DIR)/which.app/which";
			};
			name = Release;
		};
		BB6867A51EB40CA200AB1D98 /* Debug */ = {
			isa = XCBuildConfiguration;
			buildSettings = {
				DEVELOPMENT_TEAM = 3HCQXUYMF8;
				INFOPLIST_FILE = whichUITests/Info.plist;
				LD_RUNPATH_SEARCH_PATHS = "$(inherited) @executable_path/Frameworks @loader_path/Frameworks";
				PRODUCT_BUNDLE_IDENTIFIER = Alfred.com.whichUITests;
				PRODUCT_NAME = "$(TARGET_NAME)";
				TEST_TARGET_NAME = which;
			};
			name = Debug;
		};
		BB6867A61EB40CA200AB1D98 /* Release */ = {
			isa = XCBuildConfiguration;
			buildSettings = {
				DEVELOPMENT_TEAM = 3HCQXUYMF8;
				INFOPLIST_FILE = whichUITests/Info.plist;
				LD_RUNPATH_SEARCH_PATHS = "$(inherited) @executable_path/Frameworks @loader_path/Frameworks";
				PRODUCT_BUNDLE_IDENTIFIER = Alfred.com.whichUITests;
				PRODUCT_NAME = "$(TARGET_NAME)";
				TEST_TARGET_NAME = which;
			};
			name = Release;
		};
/* End XCBuildConfiguration section */

/* Begin XCConfigurationList section */
		BB6867691EB40CA100AB1D98 /* Build configuration list for PBXProject "which" */ = {
			isa = XCConfigurationList;
			buildConfigurations = (
				BB68679C1EB40CA200AB1D98 /* Debug */,
				BB68679D1EB40CA200AB1D98 /* Release */,
			);
			defaultConfigurationIsVisible = 0;
			defaultConfigurationName = Release;
		};
		BB68679E1EB40CA200AB1D98 /* Build configuration list for PBXNativeTarget "which" */ = {
			isa = XCConfigurationList;
			buildConfigurations = (
				BB68679F1EB40CA200AB1D98 /* Debug */,
				BB6867A01EB40CA200AB1D98 /* Release */,
			);
			defaultConfigurationIsVisible = 0;
			defaultConfigurationName = Release;
		};
		BB6867A11EB40CA200AB1D98 /* Build configuration list for PBXNativeTarget "whichTests" */ = {
			isa = XCConfigurationList;
			buildConfigurations = (
				BB6867A21EB40CA200AB1D98 /* Debug */,
				BB6867A31EB40CA200AB1D98 /* Release */,
			);
			defaultConfigurationIsVisible = 0;
			defaultConfigurationName = Release;
		};
		BB6867A41EB40CA200AB1D98 /* Build configuration list for PBXNativeTarget "whichUITests" */ = {
			isa = XCConfigurationList;
			buildConfigurations = (
				BB6867A51EB40CA200AB1D98 /* Debug */,
				BB6867A61EB40CA200AB1D98 /* Release */,
			);
			defaultConfigurationIsVisible = 0;
			defaultConfigurationName = Release;
		};
/* End XCConfigurationList section */

/* Begin XCVersionGroup section */
		BB68677D1EB40CA200AB1D98 /* which.xcdatamodeld */ = {
			isa = XCVersionGroup;
			children = (
				BB68677E1EB40CA200AB1D98 /* which.xcdatamodel */,
			);
			currentVersion = BB68677E1EB40CA200AB1D98 /* which.xcdatamodel */;
			path = which.xcdatamodeld;
			sourceTree = "<group>";
			versionGroupType = wrapper.xcdatamodel;
		};
/* End XCVersionGroup section */
	};
	rootObject = BB6867661EB40CA100AB1D98 /* Project object */;
}
